{
  "projects": [
    {
      "projectId": "qLGagQ2DmgNe1FZGCaQoDb",
      "version": "latest",
      "dependencies": {},
      "lang": "ts",
      "fileLocks": [
        {
          "type": "globalVariant",
          "assetId": "XGY7GHA_yxuwnI",
          "checksum": "3f8cc9d9668ccb3f61788ba8db34c49e"
        },
        {
          "assetId": "qLGagQ2DmgNe1FZGCaQoDb",
          "type": "projectCss",
          "checksum": "948d74ac4c6bcfa35880ef25401977a3"
        },
        {
          "type": "renderModule",
          "assetId": "PIA4QJZe5wteHm",
          "checksum": "c5a9ed141e032df7f9536e1979fe81dd"
        },
        {
          "type": "cssRules",
          "assetId": "PIA4QJZe5wteHm",
          "checksum": "c5a9ed141e032df7f9536e1979fe81dd"
        },
        {
          "type": "renderModule",
          "assetId": "ibhXG1eT3AC1_w",
          "checksum": "e6854a5655d9e535cf6e073167babae8"
        },
        {
          "type": "cssRules",
          "assetId": "ibhXG1eT3AC1_w",
          "checksum": "e6854a5655d9e535cf6e073167babae8"
        },
        {
          "type": "renderModule",
          "assetId": "1HK41xgc8bfpgp",
          "checksum": "248b2500f2fc1c6d9e9510671a7b2b0e"
        },
        {
          "type": "cssRules",
          "assetId": "1HK41xgc8bfpgp",
          "checksum": "248b2500f2fc1c6d9e9510671a7b2b0e"
        },
        {
          "type": "renderModule",
          "assetId": "J5a_rLuRG3wgne",
          "checksum": "82c2b83470a507689cf9191e5cf1280b"
        },
        {
          "type": "cssRules",
          "assetId": "J5a_rLuRG3wgne",
          "checksum": "82c2b83470a507689cf9191e5cf1280b"
        },
        {
          "type": "renderModule",
          "assetId": "xFvUTOZKzQi5r9",
          "checksum": "bfe86e6675f0fcd69370664c9b1bd8d7"
        },
        {
          "type": "cssRules",
          "assetId": "xFvUTOZKzQi5r9",
          "checksum": "bfe86e6675f0fcd69370664c9b1bd8d7"
        },
        {
          "type": "renderModule",
          "assetId": "yXM9CiZIYNsx-O",
          "checksum": "e2ae26b3056ee33ecd89ed6c9bf11d8f"
        },
        {
          "type": "cssRules",
          "assetId": "yXM9CiZIYNsx-O",
          "checksum": "e2ae26b3056ee33ecd89ed6c9bf11d8f"
        },
        {
          "type": "renderModule",
          "assetId": "0SV_oavTjieGna",
          "checksum": "cc542b153bbda8516a56fc6c02a33b85"
        },
        {
          "type": "cssRules",
          "assetId": "0SV_oavTjieGna",
          "checksum": "cc542b153bbda8516a56fc6c02a33b85"
        },
        {
          "type": "renderModule",
          "assetId": "VjAhTiuoEtasmb",
          "checksum": "2415a84c6290b8ed09871cb2b950e9bb"
        },
        {
          "type": "cssRules",
          "assetId": "VjAhTiuoEtasmb",
          "checksum": "2415a84c6290b8ed09871cb2b950e9bb"
        },
        {
          "type": "renderModule",
          "assetId": "NmbnAqSDZSY-2F",
          "checksum": "fcfaf1b6d24d3894165466710a9c4b28"
        },
        {
          "type": "cssRules",
          "assetId": "NmbnAqSDZSY-2F",
          "checksum": "fcfaf1b6d24d3894165466710a9c4b28"
        },
        {
          "type": "renderModule",
          "assetId": "3QskM3CcE4jqN6",
          "checksum": "f117879be4bc3b6e68d5346500eab831"
        },
        {
          "type": "cssRules",
          "assetId": "3QskM3CcE4jqN6",
          "checksum": "f117879be4bc3b6e68d5346500eab831"
        },
        {
          "type": "renderModule",
          "assetId": "HvQWRyXQu1-zN4",
          "checksum": "445904395648ca22465f1b66f7ac8cd9"
        },
        {
          "type": "cssRules",
          "assetId": "HvQWRyXQu1-zN4",
          "checksum": "445904395648ca22465f1b66f7ac8cd9"
        },
        {
          "type": "renderModule",
          "assetId": "YZL3af8FO5JTMl",
          "checksum": "5cbff33b7a60c8e35d086fef4c06a8bb"
        },
        {
          "type": "cssRules",
          "assetId": "YZL3af8FO5JTMl",
          "checksum": "5cbff33b7a60c8e35d086fef4c06a8bb"
        },
        {
          "type": "renderModule",
          "assetId": "KVmV2IPmCBZ6tx",
          "checksum": "b4bddec1659ea048439a1d623a259431"
        },
        {
          "type": "cssRules",
          "assetId": "KVmV2IPmCBZ6tx",
          "checksum": "b4bddec1659ea048439a1d623a259431"
        },
        {
          "type": "renderModule",
          "assetId": "Eymnx1K8g7ggxk",
          "checksum": "c07d6ee70f4ca2c552fe305024b4053c"
        },
        {
          "type": "cssRules",
          "assetId": "Eymnx1K8g7ggxk",
          "checksum": "c07d6ee70f4ca2c552fe305024b4053c"
        },
        {
          "type": "icon",
          "assetId": "OCsEn4tAW1V0oo",
          "checksum": "1c32b6cfdce517b5f18f2f21539b2f7a"
        },
        {
          "type": "icon",
          "assetId": "SOQRDqq_XuG35D",
          "checksum": "3a66b8ef77a8bfe7efe056d97242bae0"
        },
        {
          "type": "icon",
          "assetId": "3ObM5-SsRVOYKr",
          "checksum": "51796a0f3c37728405c5910bcfa9e35f"
        },
        {
          "type": "icon",
          "assetId": "Mdgcj3unOuHeo0",
          "checksum": "6dfa48ef4bc12696a4a4dc19588646ae"
        },
        {
          "type": "icon",
          "assetId": "Q9jbpX4a56-1Zy",
          "checksum": "c26a91d92cc51bc44dd8b9246e7c1dd7"
        },
        {
          "type": "icon",
          "assetId": "T6MIjmDk-jFYaJ",
          "checksum": "8a9f4c2ce49a89d8a251d9d87d38cc4a"
        },
        {
          "type": "icon",
          "assetId": "IOJS8lyifJ8iGY",
          "checksum": "97c336b2b16f83584b2da31591aef589"
        },
        {
          "type": "icon",
          "assetId": "1k27A41LUqHcV-",
          "checksum": "6f19bc68c104cb26fa9eede2807fadb2"
        },
        {
          "type": "icon",
          "assetId": "-U8OYaLLAbuBik",
          "checksum": "d7a23edec27af9d3c0f976d0d60901ae"
        },
        {
          "type": "icon",
          "assetId": "AdyYDiBdH4Zw3-",
          "checksum": "a20b9226eb1f2d0d69353cc6677acf71"
        },
        {
          "type": "icon",
          "assetId": "ZHixauMJF5VnQO",
          "checksum": "433c4f61dcd63afddf8795c8fec40ef6"
        },
        {
          "type": "icon",
          "assetId": "lQqZIBd8OthtvJ",
          "checksum": "d8c60556d161d33a6f022024e6a91b26"
        },
        {
          "type": "icon",
          "assetId": "-WLXSRC9E8tLYt",
          "checksum": "d7833fe751d4b737d812987563ea4c0d"
        },
        {
          "type": "icon",
          "assetId": "MZBpqakrkYazVN",
          "checksum": "9a516f851f468158eaac37af6c50c716"
        },
        {
          "type": "icon",
          "assetId": "cv_iUrMlbLuenj",
          "checksum": "6d8e8bd5400876f9c8a0118a7f389638"
        },
        {
          "type": "icon",
          "assetId": "Q1e5A9RZEAIQnE",
          "checksum": "f6f0b109b30186a388c0b887b088c2ad"
        },
        {
          "type": "icon",
          "assetId": "1aNyZpEGUoevdK",
          "checksum": "317eec55f795779f9d0b4560698fb5fe"
        },
        {
          "type": "icon",
          "assetId": "R2W8DdPIGAlGcO",
          "checksum": "1140990830f410251b2ed75c4058d378"
        },
        {
          "type": "icon",
          "assetId": "1DUUU-s_Umm9PX",
          "checksum": "48e0eb64714a6511ac3f24c65ae62a79"
        },
        {
          "type": "icon",
          "assetId": "CmtivnEQ5n--QT",
          "checksum": "df19217467d19455ccda6b6fcac73a25"
        },
        {
          "type": "icon",
          "assetId": "mxjvaOqQSldmVn",
          "checksum": "145648a98c29d6c5c00ae22e2fdc3c2f"
        },
        {
          "type": "icon",
          "assetId": "vyJDz4S_jOJLG7",
          "checksum": "77070bdef00ec94186938f8633d86052"
        },
        {
          "type": "icon",
          "assetId": "iPbztKlcRdIZNa",
          "checksum": "6d6b3469c5752ce27f3525f330329ea5"
        },
        {
          "type": "icon",
          "assetId": "IfrVYWixZqHYop",
          "checksum": "6ca5d27ab078ed29960441d28f50a710"
        },
        {
          "type": "icon",
          "assetId": "lG_1oHU7hGJcq-",
          "checksum": "8d2ed0baa6276d840437df9e7216db9c"
        },
        {
          "type": "icon",
          "assetId": "IU_hfD5G0jvbCc",
          "checksum": "a4b5978d044061bfae8ea9ebb4a2c2d6"
        },
        {
          "type": "icon",
          "assetId": "FTJbfcgo7pgwdD",
          "checksum": "2318f0a33515c2651fb6520946039ec5"
        },
        {
          "type": "icon",
          "assetId": "Qg5VsIXkF1Bvvp",
          "checksum": "957434a321a3ff680d1fbfa6f326dede"
        },
        {
          "type": "icon",
          "assetId": "nlPWkQEre6kx9C",
          "checksum": "8188736d6634b979f9223e6ff79c2b01"
        },
        {
          "type": "icon",
          "assetId": "ZPQgVeO8c24IZT",
          "checksum": "376828de3d8cdd0bcaf312153c528953"
        },
        {
          "type": "icon",
          "assetId": "TJmUYj0oDn6UV2",
          "checksum": "79ac4343f2a2936843e5f2da4926d59a"
        },
        {
          "type": "icon",
          "assetId": "O1BB-bLI7QjKZ0",
          "checksum": "e12170e2e92c139339b806ccefbd5367"
        },
        {
          "type": "icon",
          "assetId": "fe2vohGYVskCWv",
          "checksum": "e5abf46afb912351f2a4f84187c7e771"
        },
        {
          "type": "icon",
          "assetId": "GmWBg1tTX9QksO",
          "checksum": "5a5c17c2933420e3cf2d1e213e448556"
        },
        {
          "type": "image",
          "assetId": "pmXh4wtrJFSA5U",
          "checksum": "3afd5de4735f83f350e2588676e20dda"
        },
        {
          "type": "image",
          "assetId": "KnvE3AHC4mBttq",
          "checksum": "2e0b8a0ed5c1fde98470d0aaf2b9ec7d"
        },
        {
          "type": "image",
          "assetId": "26XQedCqFtheMn",
          "checksum": "c6ae34b627200effac4075ead4b72f4e"
        },
        {
          "type": "image",
          "assetId": "xW4NddNlcIFRsc",
          "checksum": "dbf8d8a775d5f491c8da4f070a2fbce0"
        }
      ]
    }
  ],
  "cliVersion": "0.1.157"
}
